Microsoft Visual Studio Solution File, Format Version 12.00
# Visual Studio Version 16
VisualStudioVersion = 16.0.29709.97
MinimumVisualStudioVersion = 15.0.26124.0
Project("{2150E333-8FDC-42A3-9474-1A3956D46DE8}") = "src", "src", "{08416B3D-8B91-463D-97DA-D94206AA123E}"
EndProject
Project("{9A19103F-16F7-4668-BE54-9A1E7A4F7556}") = "MbUtils.Extensions.Core", "src\MbUtils.Extensions.Core\MbUtils.Extensions.Core.csproj", "{065880E0-A18A-4105-B1D0-654340821B6C}"
EndProject
Project("{9A19103F-16F7-4668-BE54-9A1E7A4F7556}") = "MbUtils.Extensions.Infrastructure", "src\MbUtils.Extensions.Infrastructure\MbUtils.Extensions.Infrastructure.csproj", "{70B4E8BB-59F2-4A84-84ED-320C0F4FDC02}"
EndProject
Project("{2150E333-8FDC-42A3-9474-1A3956D46DE8}") = "test", "test", "{9DF20379-F22B-4307-BE40-2925621C9C6B}"
EndProject
Project("{9A19103F-16F7-4668-BE54-9A1E7A4F7556}") = "MbUtils.Extensions.Core.Tests", "test\MbUtils.Extensions.Core.Tests\MbUtils.Extensions.Core.Tests.csproj", "{F3BA3EE0-7907-489E-B2F9-7A5546A0C2E0}"
EndProject
Project("{2150E333-8FDC-42A3-9474-1A3956D46DE8}") = "Solution Items", "Solution Items", "{0AFAFE37-8CC6-4BBB-830D-63C34B72818B}"
	ProjectSection(SolutionItems) = preProject
		.editorconfig = .editorconfig
		azure-pipelines.yml = azure-pipelines.yml
		README.md = README.md
	EndProjectSection
EndProject
Project("{FAE04EC0-301F-11D3-BF4B-00C04F79EFBC}") = "MbUtils.Extensions.CommandLineUtils", "src\MbUtils.Extensions.CommandLineUtils\MbUtils.Extensions.CommandLineUtils.csproj", "{A2FF38C1-BFEB-45F2-80B0-75350818B0FC}"
EndProject
Project("{FAE04EC0-301F-11D3-BF4B-00C04F79EFBC}") = "TestConsoleApp", "test\TestConsoleApp\TestConsoleApp.csproj", "{EB35BE0A-D65B-40FD-A461-C8E47024379E}"
EndProject
Global
	GlobalSection(SolutionConfigurationPlatforms) = preSolution
		Debug|Any CPU = Debug|Any CPU
		Debug|x64 = Debug|x64
		Debug|x86 = Debug|x86
		Release|Any CPU = Release|Any CPU
		Release|x64 = Release|x64
		Release|x86 = Release|x86
	EndGlobalSection
	GlobalSection(ProjectConfigurationPlatforms) = postSolution
		{065880E0-A18A-4105-B1D0-654340821B6C}.Debug|Any CPU.ActiveCfg = Debug|Any CPU
		{065880E0-A18A-4105-B1D0-654340821B6C}.Debug|Any CPU.Build.0 = Debug|Any CPU
		{065880E0-A18A-4105-B1D0-654340821B6C}.Debug|x64.ActiveCfg = Debug|Any CPU
		{065880E0-A18A-4105-B1D0-654340821B6C}.Debug|x64.Build.0 = Debug|Any CPU
		{065880E0-A18A-4105-B1D0-654340821B6C}.Debug|x86.ActiveCfg = Debug|Any CPU
		{065880E0-A18A-4105-B1D0-654340821B6C}.Debug|x86.Build.0 = Debug|Any CPU
		{065880E0-A18A-4105-B1D0-654340821B6C}.Release|Any CPU.ActiveCfg = Release|Any CPU
		{065880E0-A18A-4105-B1D0-654340821B6C}.Release|Any CPU.Build.0 = Release|Any CPU
		{065880E0-A18A-4105-B1D0-654340821B6C}.Release|x64.ActiveCfg = Release|Any CPU
		{065880E0-A18A-4105-B1D0-654340821B6C}.Release|x64.Build.0 = Release|Any CPU
		{065880E0-A18A-4105-B1D0-654340821B6C}.Release|x86.ActiveCfg = Release|Any CPU
		{065880E0-A18A-4105-B1D0-654340821B6C}.Release|x86.Build.0 = Release|Any CPU
		{70B4E8BB-59F2-4A84-84ED-320C0F4FDC02}.Debug|Any CPU.ActiveCfg = Debug|Any CPU
		{70B4E8BB-59F2-4A84-84ED-320C0F4FDC02}.Debug|Any CPU.Build.0 = Debug|Any CPU
		{70B4E8BB-59F2-4A84-84ED-320C0F4FDC02}.Debug|x64.ActiveCfg = Debug|Any CPU
		{70B4E8BB-59F2-4A84-84ED-320C0F4FDC02}.Debug|x64.Build.0 = Debug|Any CPU
		{70B4E8BB-59F2-4A84-84ED-320C0F4FDC02}.Debug|x86.ActiveCfg = Debug|Any CPU
		{70B4E8BB-59F2-4A84-84ED-320C0F4FDC02}.Debug|x86.Build.0 = Debug|Any CPU
		{70B4E8BB-59F2-4A84-84ED-320C0F4FDC02}.Release|Any CPU.ActiveCfg = Release|Any CPU
		{70B4E8BB-59F2-4A84-84ED-320C0F4FDC02}.Release|Any CPU.Build.0 = Release|Any CPU
		{70B4E8BB-59F2-4A84-84ED-320C0F4FDC02}.Release|x64.ActiveCfg = Release|Any CPU
		{70B4E8BB-59F2-4A84-84ED-320C0F4FDC02}.Release|x64.Build.0 = Release|Any CPU
		{70B4E8BB-59F2-4A84-84ED-320C0F4FDC02}.Release|x86.ActiveCfg = Release|Any CPU
		{70B4E8BB-59F2-4A84-84ED-320C0F4FDC02}.Release|x86.Build.0 = Release|Any CPU
		{F3BA3EE0-7907-489E-B2F9-7A5546A0C2E0}.Debug|Any CPU.ActiveCfg = Debug|Any CPU
		{F3BA3EE0-7907-489E-B2F9-7A5546A0C2E0}.Debug|Any CPU.Build.0 = Debug|Any CPU
		{F3BA3EE0-7907-489E-B2F9-7A5546A0C2E0}.Debug|x64.ActiveCfg = Debug|Any CPU
		{F3BA3EE0-7907-489E-B2F9-7A5546A0C2E0}.Debug|x64.Build.0 = Debug|Any CPU
		{F3BA3EE0-7907-489E-B2F9-7A5546A0C2E0}.Debug|x86.ActiveCfg = Debug|Any CPU
		{F3BA3EE0-7907-489E-B2F9-7A5546A0C2E0}.Debug|x86.Build.0 = Debug|Any CPU
		{F3BA3EE0-7907-489E-B2F9-7A5546A0C2E0}.Release|Any CPU.ActiveCfg = Release|Any CPU
		{F3BA3EE0-7907-489E-B2F9-7A5546A0C2E0}.Release|Any CPU.Build.0 = Release|Any CPU
		{F3BA3EE0-7907-489E-B2F9-7A5546A0C2E0}.Release|x64.ActiveCfg = Release|Any CPU
		{F3BA3EE0-7907-489E-B2F9-7A5546A0C2E0}.Release|x64.Build.0 = Release|Any CPU
		{F3BA3EE0-7907-489E-B2F9-7A5546A0C2E0}.Release|x86.ActiveCfg = Release|Any CPU
		{F3BA3EE0-7907-489E-B2F9-7A5546A0C2E0}.Release|x86.Build.0 = Release|Any CPU
		{A2FF38C1-BFEB-45F2-80B0-75350818B0FC}.Debug|Any CPU.ActiveCfg = Debug|Any CPU
		{A2FF38C1-BFEB-45F2-80B0-75350818B0FC}.Debug|Any CPU.Build.0 = Debug|Any CPU
		{A2FF38C1-BFEB-45F2-80B0-75350818B0FC}.Debug|x64.ActiveCfg = Debug|Any CPU
		{A2FF38C1-BFEB-45F2-80B0-75350818B0FC}.Debug|x64.Build.0 = Debug|Any CPU
		{A2FF38C1-BFEB-45F2-80B0-75350818B0FC}.Debug|x86.ActiveCfg = Debug|Any CPU
		{A2FF38C1-BFEB-45F2-80B0-75350818B0FC}.Debug|x86.Build.0 = Debug|Any CPU
		{A2FF38C1-BFEB-45F2-80B0-75350818B0FC}.Release|Any CPU.ActiveCfg = Release|Any CPU
		{A2FF38C1-BFEB-45F2-80B0-75350818B0FC}.Release|Any CPU.Build.0 = Release|Any CPU
		{A2FF38C1-BFEB-45F2-80B0-75350818B0FC}.Release|x64.ActiveCfg = Release|Any CPU
		{A2FF38C1-BFEB-45F2-80B0-75350818B0FC}.Release|x64.Build.0 = Release|Any CPU
		{A2FF38C1-BFEB-45F2-80B0-75350818B0FC}.Release|x86.ActiveCfg = Release|Any CPU
		{A2FF38C1-BFEB-45F2-80B0-75350818B0FC}.Release|x86.Build.0 = Release|Any CPU
		{EB35BE0A-D65B-40FD-A461-C8E47024379E}.Debug|Any CPU.ActiveCfg = Debug|Any CPU
		{EB35BE0A-D65B-40FD-A461-C8E47024379E}.Debug|Any CPU.Build.0 = Debug|Any CPU
		{EB35BE0A-D65B-40FD-A461-C8E47024379E}.Debug|x64.ActiveCfg = Debug|Any CPU
		{EB35BE0A-D65B-40FD-A461-C8E47024379E}.Debug|x64.Build.0 = Debug|Any CPU
		{EB35BE0A-D65B-40FD-A461-C8E47024379E}.Debug|x86.ActiveCfg = Debug|Any CPU
		{EB35BE0A-D65B-40FD-A461-C8E47024379E}.Debug|x86.Build.0 = Debug|Any CPU
		{EB35BE0A-D65B-40FD-A461-C8E47024379E}.Release|Any CPU.ActiveCfg = Release|Any CPU
		{EB35BE0A-D65B-40FD-A461-C8E47024379E}.Release|Any CPU.Build.0 = Release|Any CPU
		{EB35BE0A-D65B-40FD-A461-C8E47024379E}.Release|x64.ActiveCfg = Release|Any CPU
		{EB35BE0A-D65B-40FD-A461-C8E47024379E}.Release|x64.Build.0 = Release|Any CPU
		{EB35BE0A-D65B-40FD-A461-C8E47024379E}.Release|x86.ActiveCfg = Release|Any CPU
		{EB35BE0A-D65B-40FD-A461-C8E47024379E}.Release|x86.Build.0 = Release|Any CPU
	EndGlobalSection
	GlobalSection(SolutionProperties) = preSolution
		HideSolutionNode = FALSE
	EndGlobalSection
	GlobalSection(NestedProjects) = preSolution
		{065880E0-A18A-4105-B1D0-654340821B6C} = {08416B3D-8B91-463D-97DA-D94206AA123E}
		{70B4E8BB-59F2-4A84-84ED-320C0F4FDC02} = {08416B3D-8B91-463D-97DA-D94206AA123E}
		{F3BA3EE0-7907-489E-B2F9-7A5546A0C2E0} = {9DF20379-F22B-4307-BE40-2925621C9C6B}
		{A2FF38C1-BFEB-45F2-80B0-75350818B0FC} = {08416B3D-8B91-463D-97DA-D94206AA123E}
		{EB35BE0A-D65B-40FD-A461-C8E47024379E} = {9DF20379-F22B-4307-BE40-2925621C9C6B}
	EndGlobalSection
	GlobalSection(ExtensibilityGlobals) = postSolution
		SolutionGuid = {F64EF701-E085-4E13-B557-42ED554F1DD8}
	EndGlobalSection
EndGlobal
